
Microsoft Visual Studio Solution File, Format Version 12.00
# Visual Studio Version 17
VisualStudioVersion = 17.9.34723.18
MinimumVisualStudioVersion = 10.0.40219.1
Project("{FAE04EC0-301F-11D3-BF4B-00C04F79EFBC}") = "ISTest", "ISTest\ISTest.csproj", "{28B57D74-5667-4499-B219-FEC851400845}"
EndProject
Global
	GlobalSection(SolutionConfigurationPlatforms) = preSolution
		Debug|Any CPU = Debug|Any CPU
		Release|Any CPU = Release|Any CPU
	EndGlobalSection
	GlobalSection(ProjectConfigurationPlatforms) = postSolution
		{28B57D74-5667-4499-B219-FEC851400845}.Debug|Any CPU.ActiveCfg = Debug|Any CPU
		{28B57D74-5667-4499-B219-FEC851400845}.Debug|Any CPU.Build.0 = Debug|Any CPU
		{28B57D74-5667-4499-B219-FEC851400845}.Release|Any CPU.ActiveCfg = Release|Any CPU
		{28B57D74-5667-4499-B219-FEC851400845}.Release|Any CPU.Build.0 = Release|Any CPU
	EndGlobalSection
	GlobalSection(SolutionProperties) = preSolution
		HideSolutionNode = FALSE
	EndGlobalSection
	GlobalSection(ExtensibilityGlobals) = postSolution
		SolutionGuid = {B3672921-9AFA-40E1-846F-965DAC8E21D9}
	EndGlobalSection
EndGlobal
